
Microsoft Visual Studio Solution File, Format Version 12.00
# Visual Studio Version 16
VisualStudioVersion = 16.0.30114.105
MinimumVisualStudioVersion = 10.0.40219.1
Project("{9A19103F-16F7-4668-BE54-9A1E7A4F7556}") = "BookLibrary", "BookLibrary.csproj", "{A77E513D-F24B-49C6-A334-B73DA6391BB5}"
EndProject
Project("{9A19103F-16F7-4668-BE54-9A1E7A4F7556}") = "BookLibrary.Entity", "..\BookLibrary.Entity\BookLibrary.Entity.csproj", "{0AC42D7A-E264-4DA5-AD04-7C1CC3AEC499}"
EndProject
Project("{9A19103F-16F7-4668-BE54-9A1E7A4F7556}") = "BookLibrary.Persistence", "..\BookLibrary.Persistence\BookLibrary.Persistence.csproj", "{0F327D0F-FBFE-460A-9BAB-0B36B2EFACC2}"
EndProject
Project("{9A19103F-16F7-4668-BE54-9A1E7A4F7556}") = "BookLibrary.Services", "..\BookLibrary.Services\BookLibrary.Services.csproj", "{1B7D2BEA-6545-4499-B835-09988A295F60}"
EndProject
Global
	GlobalSection(SolutionConfigurationPlatforms) = preSolution
		Debug|Any CPU = Debug|Any CPU
		Release|Any CPU = Release|Any CPU
	EndGlobalSection
	GlobalSection(ProjectConfigurationPlatforms) = postSolution
		{A77E513D-F24B-49C6-A334-B73DA6391BB5}.Debug|Any CPU.ActiveCfg = Debug|Any CPU
		{A77E513D-F24B-49C6-A334-B73DA6391BB5}.Debug|Any CPU.Build.0 = Debug|Any CPU
		{A77E513D-F24B-49C6-A334-B73DA6391BB5}.Release|Any CPU.ActiveCfg = Release|Any CPU
		{A77E513D-F24B-49C6-A334-B73DA6391BB5}.Release|Any CPU.Build.0 = Release|Any CPU
		{0AC42D7A-E264-4DA5-AD04-7C1CC3AEC499}.Debug|Any CPU.ActiveCfg = Debug|Any CPU
		{0AC42D7A-E264-4DA5-AD04-7C1CC3AEC499}.Debug|Any CPU.Build.0 = Debug|Any CPU
		{0AC42D7A-E264-4DA5-AD04-7C1CC3AEC499}.Release|Any CPU.ActiveCfg = Release|Any CPU
		{0AC42D7A-E264-4DA5-AD04-7C1CC3AEC499}.Release|Any CPU.Build.0 = Release|Any CPU
		{0F327D0F-FBFE-460A-9BAB-0B36B2EFACC2}.Debug|Any CPU.ActiveCfg = Debug|Any CPU
		{0F327D0F-FBFE-460A-9BAB-0B36B2EFACC2}.Debug|Any CPU.Build.0 = Debug|Any CPU
		{0F327D0F-FBFE-460A-9BAB-0B36B2EFACC2}.Release|Any CPU.ActiveCfg = Release|Any CPU
		{0F327D0F-FBFE-460A-9BAB-0B36B2EFACC2}.Release|Any CPU.Build.0 = Release|Any CPU
		{1B7D2BEA-6545-4499-B835-09988A295F60}.Debug|Any CPU.ActiveCfg = Debug|Any CPU
		{1B7D2BEA-6545-4499-B835-09988A295F60}.Debug|Any CPU.Build.0 = Debug|Any CPU
		{1B7D2BEA-6545-4499-B835-09988A295F60}.Release|Any CPU.ActiveCfg = Release|Any CPU
		{1B7D2BEA-6545-4499-B835-09988A295F60}.Release|Any CPU.Build.0 = Release|Any CPU
	EndGlobalSection
	GlobalSection(SolutionProperties) = preSolution
		HideSolutionNode = FALSE
	EndGlobalSection
	GlobalSection(ExtensibilityGlobals) = postSolution
		SolutionGuid = {13AF44D1-F300-45C2-AC85-322AE3133DFA}
	EndGlobalSection
EndGlobal
